
Microsoft Visual Studio Solution File, Format Version 12.00
# Visual Studio Version 16
VisualStudioVersion = 16.0.30104.148
MinimumVisualStudioVersion = 10.0.40219.1
Project("{FAE04EC0-301F-11D3-BF4B-00C04F79EFBC}") = "Windows8Notification", "Windows8Notification\Windows8Notification.csproj", "{624CABFC-987D-4118-899C-EECBB6D313A3}"
EndProject
Project("{FAE04EC0-301F-11D3-BF4B-00C04F79EFBC}") = "Windows8NotificationConsoleApp", "Windows8NotificationConsoleApp\Windows8NotificationConsoleApp.csproj", "{02D4C5E8-F2C9-46A8-A47C-086F166A4E20}"
EndProject
Global
	GlobalSection(SolutionConfigurationPlatforms) = preSolution
		Debug|Any CPU = Debug|Any CPU
		Release|Any CPU = Release|Any CPU
	EndGlobalSection
	GlobalSection(ProjectConfigurationPlatforms) = postSolution
		{624CABFC-987D-4118-899C-EECBB6D313A3}.Debug|Any CPU.ActiveCfg = Debug|Any CPU
		{624CABFC-987D-4118-899C-EECBB6D313A3}.Debug|Any CPU.Build.0 = Debug|Any CPU
		{624CABFC-987D-4118-899C-EECBB6D313A3}.Release|Any CPU.ActiveCfg = Release|Any CPU
		{624CABFC-987D-4118-899C-EECBB6D313A3}.Release|Any CPU.Build.0 = Release|Any CPU
		{02D4C5E8-F2C9-46A8-A47C-086F166A4E20}.Debug|Any CPU.ActiveCfg = Debug|Any CPU
		{02D4C5E8-F2C9-46A8-A47C-086F166A4E20}.Debug|Any CPU.Build.0 = Debug|Any CPU
		{02D4C5E8-F2C9-46A8-A47C-086F166A4E20}.Release|Any CPU.ActiveCfg = Release|Any CPU
		{02D4C5E8-F2C9-46A8-A47C-086F166A4E20}.Release|Any CPU.Build.0 = Release|Any CPU
	EndGlobalSection
	GlobalSection(SolutionProperties) = preSolution
		HideSolutionNode = FALSE
	EndGlobalSection
	GlobalSection(ExtensibilityGlobals) = postSolution
		SolutionGuid = {179A6A88-4750-44A8-9547-F086B52ACE98}
	EndGlobalSection
EndGlobal
